{
    "_readme": [
        "This file locks the dependencies of your project to a known state",
        "Read more about it at https://getcomposer.org/doc/01-basic-usage.md#composer-lock-the-lock-file",
        "This file is @generated automatically"
    ],
    "content-hash": "578bebe10e08fea27279afa6ecdafc50",
    "packages": [
        {
            "name": "wapmorgan/morphos",
            "version": "dev-master",
            "source": {
                "type": "git",
                "url": "https://github.com/wapmorgan/Morphos.git",
                "reference": "0b2caf6fdf79dec4d5cce5eb12e6c7a386d3a390"
            },
            "dist": {
                "type": "zip",
                "url": "https://api.github.com/repos/wapmorgan/Morphos/zipball/0b2caf6fdf79dec4d5cce5eb12e6c7a386d3a390",
                "reference": "0b2caf6fdf79dec4d5cce5eb12e6c7a386d3a390",
                "shasum": ""
            },
            "require": {
                "ext-mbstring": "*",
                "php": ">=5.4.0"
            },
            "require-dev": {
                "phpunit/phpunit": "~4.8"
            },
            "suggest": {
                "ext-readline": "For using interactive version of script"
            },
            "type": "library",
            "autoload": {
                "files": [
                    "src/English/functions.php",
                    "src/Russian/functions.php",
                    "src/initialization.php"
                ],
                "psr-4": {
                    "morphos\\": "src/"
                }
            },
            "notification-url": "https://packagist.org/downloads/",
            "license": [
                "MIT"
            ],
            "authors": [
                {
                    "name": "Sergey Vanyushin",
                    "email": "wapmorgan@gmail.com",
                    "role": "developer"
                }
            ],
            "description": "A morphological solution for Russian and English language written completely in PHP. Provides classes to inflect personal names, geographical names, decline and pluralize nouns, generate cardinal and ordinal numerals, spell out money amounts and time.",
            "homepage": "http://morphos.tech",
            "keywords": [
                "Numerals",
                "adjectives",
                "cardinal",
                "declension",
                "english",
                "geographical names",
                "human-friendly",
                "inflection",
                "language",
                "money",
                "morphology",
                "nouns",
                "ordinal",
                "personal names",
                "pluralization",
                "russian",
                "spelling",
                "time"
            ],
            "time": "2018-03-09T18:53:36+00:00"
        }
    ],
    "packages-dev": [],
    "aliases": [],
    "minimum-stability": "stable",
    "stability-flags": {
        "wapmorgan/morphos": 20
    },
    "prefer-stable": false,
    "prefer-lowest": false,
    "platform": [],
    "platform-dev": []
}
